// !$*UTF8*$!
{
	archiveVersion = 1;
	classes = {
	};
	objectVersion = 46;
	objects = {

/* Begin PBXBuildFile section */
		B7AB4BE21B359D4E00F3FB0C /* AppDelegate.swift in Sources */ = {isa = PBXBuildFile; fileRef = B7AB4BE11B359D4E00F3FB0C /* AppDelegate.swift */; };
		B7AB4BE41B359D4E00F3FB0C /* ViewController.swift in Sources */ = {isa = PBXBuildFile; fileRef = B7AB4BE31B359D4E00F3FB0C /* ViewController.swift */; };
		B7AB4BE71B359D4E00F3FB0C /* Main.storyboard in Resources */ = {isa = PBXBuildFile; fileRef = B7AB4BE51B359D4E00F3FB0C /* Main.storyboard */; };
		B7AB4BE91B359D4E00F3FB0C /* Images.xcassets in Resources */ = {isa = PBXBuildFile; fileRef = B7AB4BE81B359D4E00F3FB0C /* Images.xcassets */; };
		B7AB4BEC1B359D4E00F3FB0C /* LaunchScreen.xib in Resources */ = {isa = PBXBuildFile; fileRef = B7AB4BEA1B359D4E00F3FB0C /* LaunchScreen.xib */; };
		B7AB4BF81B359D4E00F3FB0C /* CompreFacilTests.swift in Sources */ = {isa = PBXBuildFile; fileRef = B7AB4BF71B359D4E00F3FB0C /* CompreFacilTests.swift */; };
/* End PBXBuildFile section */

/* Begin PBXContainerItemProxy section */
		B7AB4BF21B359D4E00F3FB0C /* PBXContainerItemProxy */ = {
			isa = PBXContainerItemProxy;
			containerPortal = B7AB4BD41B359D4E00F3FB0C /* Project object */;
			proxyType = 1;
			remoteGlobalIDString = B7AB4BDB1B359D4E00F3FB0C;
			remoteInfo = CompreFacil;
		};
/* End PBXContainerItemProxy section */

/* Begin PBXFileReference section */
		B7AB4BDC1B359D4E00F3FB0C /* CompreFacil.app */ = {isa = PBXFileReference; explicitFileType = wrapper.application; includeInIndex = 0; path = CompreFacil.app; sourceTree = BUILT_PRODUCTS_DIR; };
		B7AB4BE01B359D4E00F3FB0C /* Info.plist */ = {isa = PBXFileReference; lastKnownFileType = text.plist.xml; path = Info.plist; sourceTree = "<group>"; };
		B7AB4BE11B359D4E00F3FB0C /* AppDelegate.swift */ = {isa = PBXFileReference; lastKnownFileType = sourcecode.swift; path = AppDelegate.swift; sourceTree = "<group>"; };
		B7AB4BE31B359D4E00F3FB0C /* ViewController.swift */ = {isa = PBXFileReference; lastKnownFileType = sourcecode.swift; path = ViewController.swift; sourceTree = "<group>"; };
		B7AB4BE61B359D4E00F3FB0C /* Base */ = {isa = PBXFileReference; lastKnownFileType = file.storyboard; name = Base; path = Base.lproj/Main.storyboard; sourceTree = "<group>"; };
		B7AB4BE81B359D4E00F3FB0C /* Images.xcassets */ = {isa = PBXFileReference; lastKnownFileType = folder.assetcatalog; path = Images.xcassets; sourceTree = "<group>"; };
		B7AB4BEB1B359D4E00F3FB0C /* Base */ = {isa = PBXFileReference; lastKnownFileType = file.xib; name = Base; path = Base.lproj/LaunchScreen.xib; sourceTree = "<group>"; };
		B7AB4BF11B359D4E00F3FB0C /* CompreFacilTests.xctest */ = {isa = PBXFileReference; explicitFileType = wrapper.cfbundle; includeInIndex = 0; path = CompreFacilTests.xctest; sourceTree = BUILT_PRODUCTS_DIR; };
		B7AB4BF61B359D4E00F3FB0C /* Info.plist */ = {isa = PBXFileReference; lastKnownFileType = text.plist.xml; path = Info.plist; sourceTree = "<group>"; };
		B7AB4BF71B359D4E00F3FB0C /* CompreFacilTests.swift */ = {isa = PBXFileReference; lastKnownFileType = sourcecode.swift; path = CompreFacilTests.swift; sourceTree = "<group>"; };
/* End PBXFileReference section */

/* Begin PBXFrameworksBuildPhase section */
		B7AB4BD91B359D4E00F3FB0C /* Frameworks */ = {
			isa = PBXFrameworksBuildPhase;
			buildActionMask = 2147483647;
			files = (
			);
			runOnlyForDeploymentPostprocessing = 0;
		};
		B7AB4BEE1B359D4E00F3FB0C /* Frameworks */ = {
			isa = PBXFrameworksBuildPhase;
			buildActionMask = 2147483647;
			files = (
			);
			runOnlyForDeploymentPostprocessing = 0;
		};
/* End PBXFrameworksBuildPhase section */

/* Begin PBXGroup section */
		B7AB4BD31B359D4E00F3FB0C = {
			isa = PBXGroup;
			children = (
				B7AB4BDE1B359D4E00F3FB0C /* CompreFacil */,
				B7AB4BF41B359D4E00F3FB0C /* CompreFacilTests */,
				B7AB4BDD1B359D4E00F3FB0C /* Products */,
			);
			sourceTree = "<group>";
		};
		B7AB4BDD1B359D4E00F3FB0C /* Products */ = {
			isa = PBXGroup;
			children = (
				B7AB4BDC1B359D4E00F3FB0C /* CompreFacil.app */,
				B7AB4BF11B359D4E00F3FB0C /* CompreFacilTests.xctest */,
			);
			name = Products;
			sourceTree = "<group>";
		};
		B7AB4BDE1B359D4E00F3FB0C /* CompreFacil */ = {
			isa = PBXGroup;
			children = (
				B7AB4BE11B359D4E00F3FB0C /* AppDelegate.swift */,
				B7AB4BE31B359D4E00F3FB0C /* ViewController.swift */,
				B7AB4BE51B359D4E00F3FB0C /* Main.storyboard */,
				B7AB4BE81B359D4E00F3FB0C /* Images.xcassets */,
				B7AB4BEA1B359D4E00F3FB0C /* LaunchScreen.xib */,
				B7AB4BDF1B359D4E00F3FB0C /* Supporting Files */,
			);
			path = CompreFacil;
			sourceTree = "<group>";
		};
		B7AB4BDF1B359D4E00F3FB0C /* Supporting Files */ = {
			isa = PBXGroup;
			children = (
				B7AB4BE01B359D4E00F3FB0C /* Info.plist */,
			);
			name = "Supporting Files";
			sourceTree = "<group>";
		};
		B7AB4BF41B359D4E00F3FB0C /* CompreFacilTests */ = {
			isa = PBXGroup;
			children = (
				B7AB4BF71B359D4E00F3FB0C /* CompreFacilTests.swift */,
				B7AB4BF51B359D4E00F3FB0C /* Supporting Files */,
			);
			path = CompreFacilTests;
			sourceTree = "<group>";
		};
		B7AB4BF51B359D4E00F3FB0C /* Supporting Files */ = {
			isa = PBXGroup;
			children = (
				B7AB4BF61B359D4E00F3FB0C /* Info.plist */,
			);
			name = "Supporting Files";
			sourceTree = "<group>";
		};
/* End PBXGroup section */

/* Begin PBXNativeTarget section */
		B7AB4BDB1B359D4E00F3FB0C /* CompreFacil */ = {
			isa = PBXNativeTarget;
			buildConfigurationList = B7AB4BFB1B359D4E00F3FB0C /* Build configuration list for PBXNativeTarget "CompreFacil" */;
			buildPhases = (
				B7AB4BD81B359D4E00F3FB0C /* Sources */,
				B7AB4BD91B359D4E00F3FB0C /* Frameworks */,
				B7AB4BDA1B359D4E00F3FB0C /* Resources */,
			);
			buildRules = (
			);
			dependencies = (
			);
			name = CompreFacil;
			productName = CompreFacil;
			productReference = B7AB4BDC1B359D4E00F3FB0C /* CompreFacil.app */;
			productType = "com.apple.product-type.application";
		};
		B7AB4BF01B359D4E00F3FB0C /* CompreFacilTests */ = {
			isa = PBXNativeTarget;
			buildConfigurationList = B7AB4BFE1B359D4E00F3FB0C /* Build configuration list for PBXNativeTarget "CompreFacilTests" */;
			buildPhases = (
				B7AB4BED1B359D4E00F3FB0C /* Sources */,
				B7AB4BEE1B359D4E00F3FB0C /* Frameworks */,
				B7AB4BEF1B359D4E00F3FB0C /* Resources */,
			);
			buildRules = (
			);
			dependencies = (
				B7AB4BF31B359D4E00F3FB0C /* PBXTargetDependency */,
			);
			name = CompreFacilTests;
			productName = CompreFacilTests;
			productReference = B7AB4BF11B359D4E00F3FB0C /* CompreFacilTests.xctest */;
			productType = "com.apple.product-type.bundle.unit-test";
		};
/* End PBXNativeTarget section */

/* Begin PBXProject section */
		B7AB4BD41B359D4E00F3FB0C /* Project object */ = {
			isa = PBXProject;
			attributes = {
				LastUpgradeCheck = 0630;
				ORGANIZATIONNAME = "Henrique Barros";
				TargetAttributes = {
					B7AB4BDB1B359D4E00F3FB0C = {
						CreatedOnToolsVersion = 6.3.2;
					};
					B7AB4BF01B359D4E00F3FB0C = {
						CreatedOnToolsVersion = 6.3.2;
						TestTargetID = B7AB4BDB1B359D4E00F3FB0C;
					};
				};
			};
			buildConfigurationList = B7AB4BD71B359D4E00F3FB0C /* Build configuration list for PBXProject "CompreFacil" */;
			compatibilityVersion = "Xcode 3.2";
			developmentRegion = English;
			hasScannedForEncodings = 0;
			knownRegions = (
				en,
				Base,
			);
			mainGroup = B7AB4BD31B359D4E00F3FB0C;
			productRefGroup = B7AB4BDD1B359D4E00F3FB0C /* Products */;
			projectDirPath = "";
			projectRoot = "";
			targets = (
				B7AB4BDB1B359D4E00F3FB0C /* CompreFacil */,
				B7AB4BF01B359D4E00F3FB0C /* CompreFacilTests */,
			);
		};
/* End PBXProject section */

/* Begin PBXResourcesBuildPhase section */
		B7AB4BDA1B359D4E00F3FB0C /* Resources */ = {
			isa = PBXResourcesBuildPhase;
			buildActionMask = 2147483647;
			files = (
				B7AB4BE71B359D4E00F3FB0C /* Main.storyboard in Resources */,
				B7AB4BEC1B359D4E00F3FB0C /* LaunchScreen.xib in Resources */,
				B7AB4BE91B359D4E00F3FB0C /* Images.xcassets in Resources */,
			);
			runOnlyForDeploymentPostprocessing = 0;
		};
		B7AB4BEF1B359D4E00F3FB0C /* Resources */ = {
			isa = PBXResourcesBuildPhase;
			buildActionMask = 2147483647;
			files = (
			);
			runOnlyForDeploymentPostprocessing = 0;
		};
/* End PBXResourcesBuildPhase section */

/* Begin PBXSourcesBuildPhase section */
		B7AB4BD81B359D4E00F3FB0C /* Sources */ = {
			isa = PBXSourcesBuildPhase;
			buildActionMask = 2147483647;
			files = (
				B7AB4BE41B359D4E00F3FB0C /* ViewController.swift in Sources */,
				B7AB4BE21B359D4E00F3FB0C /* AppDelegate.swift in Sources */,
			);
			runOnlyForDeploymentPostprocessing = 0;
		};
		B7AB4BED1B359D4E00F3FB0C /* Sources */ = {
			isa = PBXSourcesBuildPhase;
			buildActionMask = 2147483647;
			files = (
				B7AB4BF81B359D4E00F3FB0C /* CompreFacilTests.swift in Sources */,
			);
			runOnlyForDeploymentPostprocessing = 0;
		};
/* End PBXSourcesBuildPhase section */

/* Begin PBXTargetDependency section */
		B7AB4BF31B359D4E00F3FB0C /* PBXTargetDependency */ = {
			isa = PBXTargetDependency;
			target = B7AB4BDB1B359D4E00F3FB0C /* CompreFacil */;
			targetProxy = B7AB4BF21B359D4E00F3FB0C /* PBXContainerItemProxy */;
		};
/* End PBXTargetDependency section */

/* Begin PBXVariantGroup section */
		B7AB4BE51B359D4E00F3FB0C /* Main.storyboard */ = {
			isa = PBXVariantGroup;
			children = (
				B7AB4BE61B359D4E00F3FB0C /* Base */,
			);
			name = Main.storyboard;
			sourceTree = "<group>";
		};
		B7AB4BEA1B359D4E00F3FB0C /* LaunchScreen.xib */ = {
			isa = PBXVariantGroup;
			children = (
				B7AB4BEB1B359D4E00F3FB0C /* Base */,
			);
			name = LaunchScreen.xib;
			sourceTree = "<group>";
		};
/* End PBXVariantGroup section */

/* Begin XCBuildConfiguration section */
		B7AB4BF91B359D4E00F3FB0C /* Debug */ = {
			isa = XCBuildConfiguration;
			buildSettings = {
				ALWAYS_SEARCH_USER_PATHS = NO;
				CLANG_CXX_LANGUAGE_STANDARD = "gnu++0x";
				CLANG_CXX_LIBRARY = "libc++";
				CLANG_ENABLE_MODULES = YES;
				CLANG_ENABLE_OBJC_ARC = YES;
				CLANG_WARN_BOOL_CONVERSION = YES;
				CLANG_WARN_CONSTANT_CONVERSION = YES;
				CLANG_WARN_DIRECT_OBJC_ISA_USAGE = YES_ERROR;
				CLANG_WARN_EMPTY_BODY = YES;
				CLANG_WARN_ENUM_CONVERSION = YES;
				CLANG_WARN_INT_CONVERSION = YES;
				CLANG_WARN_OBJC_ROOT_CLASS = YES_ERROR;
				CLANG_WARN_UNREACHABLE_CODE = YES;
				CLANG_WARN__DUPLICATE_METHOD_MATCH = YES;
				"CODE_SIGN_IDENTITY[sdk=iphoneos*]" = "iPhone Developer";
				COPY_PHASE_STRIP = NO;
				DEBUG_INFORMATION_FORMAT = "dwarf-with-dsym";
				ENABLE_STRICT_OBJC_MSGSEND = YES;
				GCC_C_LANGUAGE_STANDARD = gnu99;
				GCC_DYNAMIC_NO_PIC = NO;
				GCC_NO_COMMON_BLOCKS = YES;
				GCC_OPTIMIZATION_LEVEL = 0;
				GCC_PREPROCESSOR_DEFINITIONS = (
					"DEBUG=1",
					"$(inherited)",
				);
				GCC_SYMBOLS_PRIVATE_EXTERN = NO;
				GCC_WARN_64_TO_32_BIT_CONVERSION = YES;
				GCC_WARN_ABOUT_RETURN_TYPE = YES_ERROR;
				GCC_WARN_UNDECLARED_SELECTOR = YES;
				GCC_WARN_UNINITIALIZED_AUTOS = YES_AGGRESSIVE;
				GCC_WARN_UNUSED_FUNCTION = YES;
				GCC_WARN_UNUSED_VARIABLE = YES;
				IPHONEOS_DEPLOYMENT_TARGET = 8.3;
				MTL_ENABLE_DEBUG_INFO = YES;
				ONLY_ACTIVE_ARCH = YES;
				SDKROOT = iphoneos;
				SWIFT_OPTIMIZATION_LEVEL = "-Onone";
				TARGETED_DEVICE_FAMILY = "1,2";
			};
			name = Debug;
		};
		B7AB4BFA1B359D4E00F3FB0C /* Release */ = {
			isa = XCBuildConfiguration;
			buildSettings = {
				ALWAYS_SEARCH_USER_PATHS = NO;
				CLANG_CXX_LANGUAGE_STANDARD = "gnu++0x";
				CLANG_CXX_LIBRARY = "libc++";
				CLANG_ENABLE_MODULES = YES;
				CLANG_ENABLE_OBJC_ARC = YES;
				CLANG_WARN_BOOL_CONVERSION = YES;
				CLANG_WARN_CONSTANT_CONVERSION = YES;
				CLANG_WARN_DIRECT_OBJC_ISA_USAGE = YES_ERROR;
				CLANG_WARN_EMPTY_BODY = YES;
				CLANG_WARN_ENUM_CONVERSION = YES;
				CLANG_WARN_INT_CONVERSION = YES;
				CLANG_WARN_OBJC_ROOT_CLASS = YES_ERROR;
				CLANG_WARN_UNREACHABLE_CODE = YES;
				CLANG_WARN__DUPLICATE_METHOD_MATCH = YES;
				"CODE_SIGN_IDENTITY[sdk=iphoneos*]" = "iPhone Developer";
				COPY_PHASE_STRIP = NO;
				DEBUG_INFORMATION_FORMAT = "dwarf-with-dsym";
				ENABLE_NS_ASSERTIONS = NO;
				ENABLE_STRICT_OBJC_MSGSEND = YES;
				GCC_C_LANGUAGE_STANDARD = gnu99;
				GCC_NO_COMMON_BLOCKS = YES;
				GCC_WARN_64_TO_32_BIT_CONVERSION = YES;
				GCC_WARN_ABOUT_RETURN_TYPE = YES_ERROR;
				GCC_WARN_UNDECLARED_SELECTOR = YES;
				GCC_WARN_UNINITIALIZED_AUTOS = YES_AGGRESSIVE;
				GCC_WARN_UNUSED_FUNCTION = YES;
				GCC_WARN_UNUSED_VARIABLE = YES;
				IPHONEOS_DEPLOYMENT_TARGET = 8.3;
				MTL_ENABLE_DEBUG_INFO = NO;
				SDKROOT = iphoneos;
				TARGETED_DEVICE_FAMILY = "1,2";
				VALIDATE_PRODUCT = YES;
			};
			name = Release;
		};
		B7AB4BFC1B359D4E00F3FB0C /* Debug */ = {
			isa = XCBuildConfiguration;
			buildSettings = {
				ASSETCATALOG_COMPILER_APPICON_NAME = AppIcon;
				INFOPLIST_FILE = CompreFacil/Info.plist;
				LD_RUNPATH_SEARCH_PATHS = "$(inherited) @executable_path/Frameworks";
				PRODUCT_NAME = "$(TARGET_NAME)";
			};
			name = Debug;
		};
		B7AB4BFD1B359D4E00F3FB0C /* Release */ = {
			isa = XCBuildConfiguration;
			buildSettings = {
				ASSETCATALOG_COMPILER_APPICON_NAME = AppIcon;
				INFOPLIST_FILE = CompreFacil/Info.plist;
				LD_RUNPATH_SEARCH_PATHS = "$(inherited) @executable_path/Frameworks";
				PRODUCT_NAME = "$(TARGET_NAME)";
			};
			name = Release;
		};
		B7AB4BFF1B359D4E00F3FB0C /* Debug */ = {
			isa = XCBuildConfiguration;
			buildSettings = {
				BUNDLE_LOADER = "$(TEST_HOST)";
				FRAMEWORK_SEARCH_PATHS = (
					"$(SDKROOT)/Developer/Library/Frameworks",
					"$(inherited)",
				);
				GCC_PREPROCESSOR_DEFINITIONS = (
					"DEBUG=1",
					"$(inherited)",
				);
				INFOPLIST_FILE = CompreFacilTests/Info.plist;
				LD_RUNPATH_SEARCH_PATHS = "$(inherited) @executable_path/Frameworks @loader_path/Frameworks";
				PRODUCT_NAME = "$(TARGET_NAME)";
				TEST_HOST = "$(BUILT_PRODUCTS_DIR)/CompreFacil.app/CompreFacil";
			};
			name = Debug;
		};
		B7AB4C001B359D4E00F3FB0C /* Release */ = {
			isa = XCBuildConfiguration;
			buildSettings = {
				BUNDLE_LOADER = "$(TEST_HOST)";
				FRAMEWORK_SEARCH_PATHS = (
					"$(SDKROOT)/Developer/Library/Frameworks",
					"$(inherited)",
				);
				INFOPLIST_FILE = CompreFacilTests/Info.plist;
				LD_RUNPATH_SEARCH_PATHS = "$(inherited) @executable_path/Frameworks @loader_path/Frameworks";
				PRODUCT_NAME = "$(TARGET_NAME)";
				TEST_HOST = "$(BUILT_PRODUCTS_DIR)/CompreFacil.app/CompreFacil";
			};
			name = Release;
		};
/* End XCBuildConfiguration section */

/* Begin XCConfigurationList section */
		B7AB4BD71B359D4E00F3FB0C /* Build configuration list for PBXProject "CompreFacil" */ = {
			isa = XCConfigurationList;
			buildConfigurations = (
				B7AB4BF91B359D4E00F3FB0C /* Debug */,
				B7AB4BFA1B359D4E00F3FB0C /* Release */,
			);
			defaultConfigurationIsVisible = 0;
			defaultConfigurationName = Release;
		};
		B7AB4BFB1B359D4E00F3FB0C /* Build configuration list for PBXNativeTarget "CompreFacil" */ = {
			isa = XCConfigurationList;
			buildConfigurations = (
				B7AB4BFC1B359D4E00F3FB0C /* Debug */,
				B7AB4BFD1B359D4E00F3FB0C /* Release */,
			);
			defaultConfigurationIsVisible = 0;
		};
		B7AB4BFE1B359D4E00F3FB0C /* Build configuration list for PBXNativeTarget "CompreFacilTests" */ = {
			isa = XCConfigurationList;
			buildConfigurations = (
				B7AB4BFF1B359D4E00F3FB0C /* Debug */,
				B7AB4C001B359D4E00F3FB0C /* Release */,
			);
			defaultConfigurationIsVisible = 0;
		};
/* End XCConfigurationList section */
	};
	rootObject = B7AB4BD41B359D4E00F3FB0C /* Project object */;
}
